
Microsoft Visual Studio Solution File, Format Version 12.00
# Visual Studio 14
VisualStudioVersion = 14.0.25420.1
MinimumVisualStudioVersion = 10.0.40219.1
Project("{2150E333-8FDC-42A3-9474-1A3956D46DE8}") = ".Common", ".Common", "{E950E9B4-0546-4D84-A7CC-F17474D230CC}"
	ProjectSection(SolutionItems) = preProject
		CommonAssemblyInfo.cs = CommonAssemblyInfo.cs
		license.txt = license.txt
	EndProjectSection
EndProject
Project("{FAE04EC0-301F-11D3-BF4B-00C04F79EFBC}") = "EcoMerc.Mvx.Plugins.SignaturePad", "MvvmCross.Plugins.SignaturePad\EcoMerc.Mvx.Plugins.SignaturePad.csproj", "{B2AF970D-D640-451C-95AF-92AF531B8C1E}"
EndProject
Project("{FAE04EC0-301F-11D3-BF4B-00C04F79EFBC}") = "EcoMerc.Mvx.Plugins.SignaturePad.iOS", "MvvmCross.Plugins.SignaturePad.iOS\EcoMerc.Mvx.Plugins.SignaturePad.iOS.csproj", "{B12D20AA-0EDF-4903-B385-BB8090848532}"
EndProject
Project("{FAE04EC0-301F-11D3-BF4B-00C04F79EFBC}") = "EcoMerc.Mvx.Plugins.SignaturePad.Droid", "MvvmCross.Plugins.SignaturePad.Droid\EcoMerc.Mvx.Plugins.SignaturePad.Droid.csproj", "{1D5482F6-AA89-422C-9E34-88A8A1AD8AB6}"
EndProject
Project("{FAE04EC0-301F-11D3-BF4B-00C04F79EFBC}") = "EcoMerc.Mvx.Plugins.SignaturePad.WindowsPhone", "MvvmCross.Plugins.SignaturePad.WindowsPhone\EcoMerc.Mvx.Plugins.SignaturePad.WindowsPhone.csproj", "{FB73D461-D197-42A2-8928-086333277E54}"
EndProject
Project("{FF286327-C783-4F7A-AB73-9BCBAD0D4460}") = "EcoMerc.Mvx.Plugins.SignaturePad.Nuget", "MvvmCross.Plugins.SignaturePad.Nuget\EcoMerc.Mvx.Plugins.SignaturePad.Nuget.nuproj", "{060331C3-8DDF-4B52-B238-F548149287B2}"
	ProjectSection(ProjectDependencies) = postProject
		{B2AF970D-D640-451C-95AF-92AF531B8C1E} = {B2AF970D-D640-451C-95AF-92AF531B8C1E}
		{B12D20AA-0EDF-4903-B385-BB8090848532} = {B12D20AA-0EDF-4903-B385-BB8090848532}
		{1D5482F6-AA89-422C-9E34-88A8A1AD8AB6} = {1D5482F6-AA89-422C-9E34-88A8A1AD8AB6}
	EndProjectSection
EndProject
Global
	GlobalSection(SolutionConfigurationPlatforms) = preSolution
		Ad-Hoc|Any CPU = Ad-Hoc|Any CPU
		Ad-Hoc|ARM = Ad-Hoc|ARM
		Ad-Hoc|iPhone = Ad-Hoc|iPhone
		Ad-Hoc|iPhoneSimulator = Ad-Hoc|iPhoneSimulator
		Ad-Hoc|Mixed Platforms = Ad-Hoc|Mixed Platforms
		Ad-Hoc|x64 = Ad-Hoc|x64
		Ad-Hoc|x86 = Ad-Hoc|x86
		AppStore|Any CPU = AppStore|Any CPU
		AppStore|ARM = AppStore|ARM
		AppStore|iPhone = AppStore|iPhone
		AppStore|iPhoneSimulator = AppStore|iPhoneSimulator
		AppStore|Mixed Platforms = AppStore|Mixed Platforms
		AppStore|x64 = AppStore|x64
		AppStore|x86 = AppStore|x86
		Debug|Any CPU = Debug|Any CPU
		Debug|ARM = Debug|ARM
		Debug|iPhone = Debug|iPhone
		Debug|iPhoneSimulator = Debug|iPhoneSimulator
		Debug|Mixed Platforms = Debug|Mixed Platforms
		Debug|x64 = Debug|x64
		Debug|x86 = Debug|x86
		Release|Any CPU = Release|Any CPU
		Release|ARM = Release|ARM
		Release|iPhone = Release|iPhone
		Release|iPhoneSimulator = Release|iPhoneSimulator
		Release|Mixed Platforms = Release|Mixed Platforms
		Release|x64 = Release|x64
		Release|x86 = Release|x86
	EndGlobalSection
	GlobalSection(ProjectConfigurationPlatforms) = postSolution
		{B2AF970D-D640-451C-95AF-92AF531B8C1E}.Ad-Hoc|Any CPU.ActiveCfg = Release|Any CPU
		{B2AF970D-D640-451C-95AF-92AF531B8C1E}.Ad-Hoc|Any CPU.Build.0 = Release|Any CPU
		{B2AF970D-D640-451C-95AF-92AF531B8C1E}.Ad-Hoc|ARM.ActiveCfg = Release|Any CPU
		{B2AF970D-D640-451C-95AF-92AF531B8C1E}.Ad-Hoc|ARM.Build.0 = Release|Any CPU
		{B2AF970D-D640-451C-95AF-92AF531B8C1E}.Ad-Hoc|iPhone.ActiveCfg = Release|Any CPU
		{B2AF970D-D640-451C-95AF-92AF531B8C1E}.Ad-Hoc|iPhone.Build.0 = Release|Any CPU
		{B2AF970D-D640-451C-95AF-92AF531B8C1E}.Ad-Hoc|iPhoneSimulator.ActiveCfg = Release|Any CPU
		{B2AF970D-D640-451C-95AF-92AF531B8C1E}.Ad-Hoc|iPhoneSimulator.Build.0 = Release|Any CPU
		{B2AF970D-D640-451C-95AF-92AF531B8C1E}.Ad-Hoc|Mixed Platforms.ActiveCfg = Release|Any CPU
		{B2AF970D-D640-451C-95AF-92AF531B8C1E}.Ad-Hoc|Mixed Platforms.Build.0 = Release|Any CPU
		{B2AF970D-D640-451C-95AF-92AF531B8C1E}.Ad-Hoc|x64.ActiveCfg = Release|Any CPU
		{B2AF970D-D640-451C-95AF-92AF531B8C1E}.Ad-Hoc|x64.Build.0 = Release|Any CPU
		{B2AF970D-D640-451C-95AF-92AF531B8C1E}.Ad-Hoc|x86.ActiveCfg = Release|Any CPU
		{B2AF970D-D640-451C-95AF-92AF531B8C1E}.Ad-Hoc|x86.Build.0 = Release|Any CPU
		{B2AF970D-D640-451C-95AF-92AF531B8C1E}.AppStore|Any CPU.ActiveCfg = Release|Any CPU
		{B2AF970D-D640-451C-95AF-92AF531B8C1E}.AppStore|Any CPU.Build.0 = Release|Any CPU
		{B2AF970D-D640-451C-95AF-92AF531B8C1E}.AppStore|ARM.ActiveCfg = Release|Any CPU
		{B2AF970D-D640-451C-95AF-92AF531B8C1E}.AppStore|ARM.Build.0 = Release|Any CPU
		{B2AF970D-D640-451C-95AF-92AF531B8C1E}.AppStore|iPhone.ActiveCfg = Release|Any CPU
		{B2AF970D-D640-451C-95AF-92AF531B8C1E}.AppStore|iPhone.Build.0 = Release|Any CPU
		{B2AF970D-D640-451C-95AF-92AF531B8C1E}.AppStore|iPhoneSimulator.ActiveCfg = Release|Any CPU
		{B2AF970D-D640-451C-95AF-92AF531B8C1E}.AppStore|iPhoneSimulator.Build.0 = Release|Any CPU
		{B2AF970D-D640-451C-95AF-92AF531B8C1E}.AppStore|Mixed Platforms.ActiveCfg = Release|Any CPU
		{B2AF970D-D640-451C-95AF-92AF531B8C1E}.AppStore|Mixed Platforms.Build.0 = Release|Any CPU
		{B2AF970D-D640-451C-95AF-92AF531B8C1E}.AppStore|x64.ActiveCfg = Release|Any CPU
		{B2AF970D-D640-451C-95AF-92AF531B8C1E}.AppStore|x64.Build.0 = Release|Any CPU
		{B2AF970D-D640-451C-95AF-92AF531B8C1E}.AppStore|x86.ActiveCfg = Release|Any CPU
		{B2AF970D-D640-451C-95AF-92AF531B8C1E}.AppStore|x86.Build.0 = Release|Any CPU
		{B2AF970D-D640-451C-95AF-92AF531B8C1E}.Debug|Any CPU.ActiveCfg = Debug|Any CPU
		{B2AF970D-D640-451C-95AF-92AF531B8C1E}.Debug|Any CPU.Build.0 = Debug|Any CPU
		{B2AF970D-D640-451C-95AF-92AF531B8C1E}.Debug|ARM.ActiveCfg = Debug|Any CPU
		{B2AF970D-D640-451C-95AF-92AF531B8C1E}.Debug|ARM.Build.0 = Debug|Any CPU
		{B2AF970D-D640-451C-95AF-92AF531B8C1E}.Debug|iPhone.ActiveCfg = Debug|Any CPU
		{B2AF970D-D640-451C-95AF-92AF531B8C1E}.Debug|iPhone.Build.0 = Debug|Any CPU
		{B2AF970D-D640-451C-95AF-92AF531B8C1E}.Debug|iPhoneSimulator.ActiveCfg = Debug|Any CPU
		{B2AF970D-D640-451C-95AF-92AF531B8C1E}.Debug|iPhoneSimulator.Build.0 = Debug|Any CPU
		{B2AF970D-D640-451C-95AF-92AF531B8C1E}.Debug|Mixed Platforms.ActiveCfg = Debug|Any CPU
		{B2AF970D-D640-451C-95AF-92AF531B8C1E}.Debug|Mixed Platforms.Build.0 = Debug|Any CPU
		{B2AF970D-D640-451C-95AF-92AF531B8C1E}.Debug|x64.ActiveCfg = Debug|Any CPU
		{B2AF970D-D640-451C-95AF-92AF531B8C1E}.Debug|x64.Build.0 = Debug|Any CPU
		{B2AF970D-D640-451C-95AF-92AF531B8C1E}.Debug|x86.ActiveCfg = Debug|Any CPU
		{B2AF970D-D640-451C-95AF-92AF531B8C1E}.Debug|x86.Build.0 = Debug|Any CPU
		{B2AF970D-D640-451C-95AF-92AF531B8C1E}.Release|Any CPU.ActiveCfg = Release|Any CPU
		{B2AF970D-D640-451C-95AF-92AF531B8C1E}.Release|Any CPU.Build.0 = Release|Any CPU
		{B2AF970D-D640-451C-95AF-92AF531B8C1E}.Release|ARM.ActiveCfg = Release|Any CPU
		{B2AF970D-D640-451C-95AF-92AF531B8C1E}.Release|ARM.Build.0 = Release|Any CPU
		{B2AF970D-D640-451C-95AF-92AF531B8C1E}.Release|iPhone.ActiveCfg = Release|Any CPU
		{B2AF970D-D640-451C-95AF-92AF531B8C1E}.Release|iPhone.Build.0 = Release|Any CPU
		{B2AF970D-D640-451C-95AF-92AF531B8C1E}.Release|iPhoneSimulator.ActiveCfg = Release|Any CPU
		{B2AF970D-D640-451C-95AF-92AF531B8C1E}.Release|iPhoneSimulator.Build.0 = Release|Any CPU
		{B2AF970D-D640-451C-95AF-92AF531B8C1E}.Release|Mixed Platforms.ActiveCfg = Release|Any CPU
		{B2AF970D-D640-451C-95AF-92AF531B8C1E}.Release|Mixed Platforms.Build.0 = Release|Any CPU
		{B2AF970D-D640-451C-95AF-92AF531B8C1E}.Release|x64.ActiveCfg = Release|Any CPU
		{B2AF970D-D640-451C-95AF-92AF531B8C1E}.Release|x64.Build.0 = Release|Any CPU
		{B2AF970D-D640-451C-95AF-92AF531B8C1E}.Release|x86.ActiveCfg = Release|Any CPU
		{B2AF970D-D640-451C-95AF-92AF531B8C1E}.Release|x86.Build.0 = Release|Any CPU
		{B12D20AA-0EDF-4903-B385-BB8090848532}.Ad-Hoc|Any CPU.ActiveCfg = Release|Any CPU
		{B12D20AA-0EDF-4903-B385-BB8090848532}.Ad-Hoc|Any CPU.Build.0 = Release|Any CPU
		{B12D20AA-0EDF-4903-B385-BB8090848532}.Ad-Hoc|ARM.ActiveCfg = Release|Any CPU
		{B12D20AA-0EDF-4903-B385-BB8090848532}.Ad-Hoc|ARM.Build.0 = Release|Any CPU
		{B12D20AA-0EDF-4903-B385-BB8090848532}.Ad-Hoc|iPhone.ActiveCfg = Release|Any CPU
		{B12D20AA-0EDF-4903-B385-BB8090848532}.Ad-Hoc|iPhone.Build.0 = Release|Any CPU
		{B12D20AA-0EDF-4903-B385-BB8090848532}.Ad-Hoc|iPhoneSimulator.ActiveCfg = Release|Any CPU
		{B12D20AA-0EDF-4903-B385-BB8090848532}.Ad-Hoc|iPhoneSimulator.Build.0 = Release|Any CPU
		{B12D20AA-0EDF-4903-B385-BB8090848532}.Ad-Hoc|Mixed Platforms.ActiveCfg = Release|Any CPU
		{B12D20AA-0EDF-4903-B385-BB8090848532}.Ad-Hoc|Mixed Platforms.Build.0 = Release|Any CPU
		{B12D20AA-0EDF-4903-B385-BB8090848532}.Ad-Hoc|x64.ActiveCfg = Release|Any CPU
		{B12D20AA-0EDF-4903-B385-BB8090848532}.Ad-Hoc|x64.Build.0 = Release|Any CPU
		{B12D20AA-0EDF-4903-B385-BB8090848532}.Ad-Hoc|x86.ActiveCfg = Release|Any CPU
		{B12D20AA-0EDF-4903-B385-BB8090848532}.Ad-Hoc|x86.Build.0 = Release|Any CPU
		{B12D20AA-0EDF-4903-B385-BB8090848532}.AppStore|Any CPU.ActiveCfg = Release|Any CPU
		{B12D20AA-0EDF-4903-B385-BB8090848532}.AppStore|Any CPU.Build.0 = Release|Any CPU
		{B12D20AA-0EDF-4903-B385-BB8090848532}.AppStore|ARM.ActiveCfg = Release|Any CPU
		{B12D20AA-0EDF-4903-B385-BB8090848532}.AppStore|ARM.Build.0 = Release|Any CPU
		{B12D20AA-0EDF-4903-B385-BB8090848532}.AppStore|iPhone.ActiveCfg = Release|Any CPU
		{B12D20AA-0EDF-4903-B385-BB8090848532}.AppStore|iPhone.Build.0 = Release|Any CPU
		{B12D20AA-0EDF-4903-B385-BB8090848532}.AppStore|iPhoneSimulator.ActiveCfg = Release|Any CPU
		{B12D20AA-0EDF-4903-B385-BB8090848532}.AppStore|iPhoneSimulator.Build.0 = Release|Any CPU
		{B12D20AA-0EDF-4903-B385-BB8090848532}.AppStore|Mixed Platforms.ActiveCfg = Release|Any CPU
		{B12D20AA-0EDF-4903-B385-BB8090848532}.AppStore|Mixed Platforms.Build.0 = Release|Any CPU
		{B12D20AA-0EDF-4903-B385-BB8090848532}.AppStore|x64.ActiveCfg = Release|Any CPU
		{B12D20AA-0EDF-4903-B385-BB8090848532}.AppStore|x64.Build.0 = Release|Any CPU
		{B12D20AA-0EDF-4903-B385-BB8090848532}.AppStore|x86.ActiveCfg = Release|Any CPU
		{B12D20AA-0EDF-4903-B385-BB8090848532}.AppStore|x86.Build.0 = Release|Any CPU
		{B12D20AA-0EDF-4903-B385-BB8090848532}.Debug|Any CPU.ActiveCfg = Debug|Any CPU
		{B12D20AA-0EDF-4903-B385-BB8090848532}.Debug|Any CPU.Build.0 = Debug|Any CPU
		{B12D20AA-0EDF-4903-B385-BB8090848532}.Debug|ARM.ActiveCfg = Debug|Any CPU
		{B12D20AA-0EDF-4903-B385-BB8090848532}.Debug|ARM.Build.0 = Debug|Any CPU
		{B12D20AA-0EDF-4903-B385-BB8090848532}.Debug|iPhone.ActiveCfg = Debug|Any CPU
		{B12D20AA-0EDF-4903-B385-BB8090848532}.Debug|iPhone.Build.0 = Debug|Any CPU
		{B12D20AA-0EDF-4903-B385-BB8090848532}.Debug|iPhoneSimulator.ActiveCfg = Debug|Any CPU
		{B12D20AA-0EDF-4903-B385-BB8090848532}.Debug|iPhoneSimulator.Build.0 = Debug|Any CPU
		{B12D20AA-0EDF-4903-B385-BB8090848532}.Debug|Mixed Platforms.ActiveCfg = Debug|Any CPU
		{B12D20AA-0EDF-4903-B385-BB8090848532}.Debug|Mixed Platforms.Build.0 = Debug|Any CPU
		{B12D20AA-0EDF-4903-B385-BB8090848532}.Debug|x64.ActiveCfg = Debug|Any CPU
		{B12D20AA-0EDF-4903-B385-BB8090848532}.Debug|x64.Build.0 = Debug|Any CPU
		{B12D20AA-0EDF-4903-B385-BB8090848532}.Debug|x86.ActiveCfg = Debug|Any CPU
		{B12D20AA-0EDF-4903-B385-BB8090848532}.Debug|x86.Build.0 = Debug|Any CPU
		{B12D20AA-0EDF-4903-B385-BB8090848532}.Release|Any CPU.ActiveCfg = Release|Any CPU
		{B12D20AA-0EDF-4903-B385-BB8090848532}.Release|Any CPU.Build.0 = Release|Any CPU
		{B12D20AA-0EDF-4903-B385-BB8090848532}.Release|ARM.ActiveCfg = Release|Any CPU
		{B12D20AA-0EDF-4903-B385-BB8090848532}.Release|ARM.Build.0 = Release|Any CPU
		{B12D20AA-0EDF-4903-B385-BB8090848532}.Release|iPhone.ActiveCfg = Release|Any CPU
		{B12D20AA-0EDF-4903-B385-BB8090848532}.Release|iPhone.Build.0 = Release|Any CPU
		{B12D20AA-0EDF-4903-B385-BB8090848532}.Release|iPhoneSimulator.ActiveCfg = Release|Any CPU
		{B12D20AA-0EDF-4903-B385-BB8090848532}.Release|iPhoneSimulator.Build.0 = Release|Any CPU
		{B12D20AA-0EDF-4903-B385-BB8090848532}.Release|Mixed Platforms.ActiveCfg = Release|Any CPU
		{B12D20AA-0EDF-4903-B385-BB8090848532}.Release|Mixed Platforms.Build.0 = Release|Any CPU
		{B12D20AA-0EDF-4903-B385-BB8090848532}.Release|x64.ActiveCfg = Release|Any CPU
		{B12D20AA-0EDF-4903-B385-BB8090848532}.Release|x64.Build.0 = Release|Any CPU
		{B12D20AA-0EDF-4903-B385-BB8090848532}.Release|x86.ActiveCfg = Release|Any CPU
		{B12D20AA-0EDF-4903-B385-BB8090848532}.Release|x86.Build.0 = Release|Any CPU
		{1D5482F6-AA89-422C-9E34-88A8A1AD8AB6}.Ad-Hoc|Any CPU.ActiveCfg = Release|Any CPU
		{1D5482F6-AA89-422C-9E34-88A8A1AD8AB6}.Ad-Hoc|Any CPU.Build.0 = Release|Any CPU
		{1D5482F6-AA89-422C-9E34-88A8A1AD8AB6}.Ad-Hoc|ARM.ActiveCfg = Release|Any CPU
		{1D5482F6-AA89-422C-9E34-88A8A1AD8AB6}.Ad-Hoc|ARM.Build.0 = Release|Any CPU
		{1D5482F6-AA89-422C-9E34-88A8A1AD8AB6}.Ad-Hoc|iPhone.ActiveCfg = Release|Any CPU
		{1D5482F6-AA89-422C-9E34-88A8A1AD8AB6}.Ad-Hoc|iPhone.Build.0 = Release|Any CPU
		{1D5482F6-AA89-422C-9E34-88A8A1AD8AB6}.Ad-Hoc|iPhoneSimulator.ActiveCfg = Release|Any CPU
		{1D5482F6-AA89-422C-9E34-88A8A1AD8AB6}.Ad-Hoc|iPhoneSimulator.Build.0 = Release|Any CPU
		{1D5482F6-AA89-422C-9E34-88A8A1AD8AB6}.Ad-Hoc|Mixed Platforms.ActiveCfg = Release|Any CPU
		{1D5482F6-AA89-422C-9E34-88A8A1AD8AB6}.Ad-Hoc|Mixed Platforms.Build.0 = Release|Any CPU
		{1D5482F6-AA89-422C-9E34-88A8A1AD8AB6}.Ad-Hoc|x64.ActiveCfg = Release|Any CPU
		{1D5482F6-AA89-422C-9E34-88A8A1AD8AB6}.Ad-Hoc|x64.Build.0 = Release|Any CPU
		{1D5482F6-AA89-422C-9E34-88A8A1AD8AB6}.Ad-Hoc|x86.ActiveCfg = Release|Any CPU
		{1D5482F6-AA89-422C-9E34-88A8A1AD8AB6}.Ad-Hoc|x86.Build.0 = Release|Any CPU
		{1D5482F6-AA89-422C-9E34-88A8A1AD8AB6}.AppStore|Any CPU.ActiveCfg = Release|Any CPU
		{1D5482F6-AA89-422C-9E34-88A8A1AD8AB6}.AppStore|Any CPU.Build.0 = Release|Any CPU
		{1D5482F6-AA89-422C-9E34-88A8A1AD8AB6}.AppStore|ARM.ActiveCfg = Release|Any CPU
		{1D5482F6-AA89-422C-9E34-88A8A1AD8AB6}.AppStore|ARM.Build.0 = Release|Any CPU
		{1D5482F6-AA89-422C-9E34-88A8A1AD8AB6}.AppStore|iPhone.ActiveCfg = Release|Any CPU
		{1D5482F6-AA89-422C-9E34-88A8A1AD8AB6}.AppStore|iPhone.Build.0 = Release|Any CPU
		{1D5482F6-AA89-422C-9E34-88A8A1AD8AB6}.AppStore|iPhoneSimulator.ActiveCfg = Release|Any CPU
		{1D5482F6-AA89-422C-9E34-88A8A1AD8AB6}.AppStore|iPhoneSimulator.Build.0 = Release|Any CPU
		{1D5482F6-AA89-422C-9E34-88A8A1AD8AB6}.AppStore|Mixed Platforms.ActiveCfg = Release|Any CPU
		{1D5482F6-AA89-422C-9E34-88A8A1AD8AB6}.AppStore|Mixed Platforms.Build.0 = Release|Any CPU
		{1D5482F6-AA89-422C-9E34-88A8A1AD8AB6}.AppStore|x64.ActiveCfg = Release|Any CPU
		{1D5482F6-AA89-422C-9E34-88A8A1AD8AB6}.AppStore|x64.Build.0 = Release|Any CPU
		{1D5482F6-AA89-422C-9E34-88A8A1AD8AB6}.AppStore|x86.ActiveCfg = Release|Any CPU
		{1D5482F6-AA89-422C-9E34-88A8A1AD8AB6}.AppStore|x86.Build.0 = Release|Any CPU
		{1D5482F6-AA89-422C-9E34-88A8A1AD8AB6}.Debug|Any CPU.ActiveCfg = Debug|Any CPU
		{1D5482F6-AA89-422C-9E34-88A8A1AD8AB6}.Debug|Any CPU.Build.0 = Debug|Any CPU
		{1D5482F6-AA89-422C-9E34-88A8A1AD8AB6}.Debug|ARM.ActiveCfg = Debug|Any CPU
		{1D5482F6-AA89-422C-9E34-88A8A1AD8AB6}.Debug|ARM.Build.0 = Debug|Any CPU
		{1D5482F6-AA89-422C-9E34-88A8A1AD8AB6}.Debug|iPhone.ActiveCfg = Debug|Any CPU
		{1D5482F6-AA89-422C-9E34-88A8A1AD8AB6}.Debug|iPhone.Build.0 = Debug|Any CPU
		{1D5482F6-AA89-422C-9E34-88A8A1AD8AB6}.Debug|iPhoneSimulator.ActiveCfg = Debug|Any CPU
		{1D5482F6-AA89-422C-9E34-88A8A1AD8AB6}.Debug|iPhoneSimulator.Build.0 = Debug|Any CPU
		{1D5482F6-AA89-422C-9E34-88A8A1AD8AB6}.Debug|Mixed Platforms.ActiveCfg = Debug|Any CPU
		{1D5482F6-AA89-422C-9E34-88A8A1AD8AB6}.Debug|Mixed Platforms.Build.0 = Debug|Any CPU
		{1D5482F6-AA89-422C-9E34-88A8A1AD8AB6}.Debug|x64.ActiveCfg = Debug|Any CPU
		{1D5482F6-AA89-422C-9E34-88A8A1AD8AB6}.Debug|x64.Build.0 = Debug|Any CPU
		{1D5482F6-AA89-422C-9E34-88A8A1AD8AB6}.Debug|x86.ActiveCfg = Debug|Any CPU
		{1D5482F6-AA89-422C-9E34-88A8A1AD8AB6}.Debug|x86.Build.0 = Debug|Any CPU
		{1D5482F6-AA89-422C-9E34-88A8A1AD8AB6}.Release|Any CPU.ActiveCfg = Release|Any CPU
		{1D5482F6-AA89-422C-9E34-88A8A1AD8AB6}.Release|Any CPU.Build.0 = Release|Any CPU
		{1D5482F6-AA89-422C-9E34-88A8A1AD8AB6}.Release|ARM.ActiveCfg = Release|Any CPU
		{1D5482F6-AA89-422C-9E34-88A8A1AD8AB6}.Release|ARM.Build.0 = Release|Any CPU
		{1D5482F6-AA89-422C-9E34-88A8A1AD8AB6}.Release|iPhone.ActiveCfg = Release|Any CPU
		{1D5482F6-AA89-422C-9E34-88A8A1AD8AB6}.Release|iPhone.Build.0 = Release|Any CPU
		{1D5482F6-AA89-422C-9E34-88A8A1AD8AB6}.Release|iPhoneSimulator.ActiveCfg = Release|Any CPU
		{1D5482F6-AA89-422C-9E34-88A8A1AD8AB6}.Release|iPhoneSimulator.Build.0 = Release|Any CPU
		{1D5482F6-AA89-422C-9E34-88A8A1AD8AB6}.Release|Mixed Platforms.ActiveCfg = Release|Any CPU
		{1D5482F6-AA89-422C-9E34-88A8A1AD8AB6}.Release|Mixed Platforms.Build.0 = Release|Any CPU
		{1D5482F6-AA89-422C-9E34-88A8A1AD8AB6}.Release|x64.ActiveCfg = Release|Any CPU
		{1D5482F6-AA89-422C-9E34-88A8A1AD8AB6}.Release|x64.Build.0 = Release|Any CPU
		{1D5482F6-AA89-422C-9E34-88A8A1AD8AB6}.Release|x86.ActiveCfg = Release|Any CPU
		{1D5482F6-AA89-422C-9E34-88A8A1AD8AB6}.Release|x86.Build.0 = Release|Any CPU
		{FB73D461-D197-42A2-8928-086333277E54}.Ad-Hoc|Any CPU.ActiveCfg = Release|Any CPU
		{FB73D461-D197-42A2-8928-086333277E54}.Ad-Hoc|Any CPU.Build.0 = Release|Any CPU
		{FB73D461-D197-42A2-8928-086333277E54}.Ad-Hoc|ARM.ActiveCfg = Release|ARM
		{FB73D461-D197-42A2-8928-086333277E54}.Ad-Hoc|ARM.Build.0 = Release|ARM
		{FB73D461-D197-42A2-8928-086333277E54}.Ad-Hoc|iPhone.ActiveCfg = Release|Any CPU
		{FB73D461-D197-42A2-8928-086333277E54}.Ad-Hoc|iPhone.Build.0 = Release|Any CPU
		{FB73D461-D197-42A2-8928-086333277E54}.Ad-Hoc|iPhoneSimulator.ActiveCfg = Release|Any CPU
		{FB73D461-D197-42A2-8928-086333277E54}.Ad-Hoc|iPhoneSimulator.Build.0 = Release|Any CPU
		{FB73D461-D197-42A2-8928-086333277E54}.Ad-Hoc|Mixed Platforms.ActiveCfg = Release|x86
		{FB73D461-D197-42A2-8928-086333277E54}.Ad-Hoc|Mixed Platforms.Build.0 = Release|x86
		{FB73D461-D197-42A2-8928-086333277E54}.Ad-Hoc|x64.ActiveCfg = Release|Any CPU
		{FB73D461-D197-42A2-8928-086333277E54}.Ad-Hoc|x64.Build.0 = Release|Any CPU
		{FB73D461-D197-42A2-8928-086333277E54}.Ad-Hoc|x86.ActiveCfg = Release|x86
		{FB73D461-D197-42A2-8928-086333277E54}.Ad-Hoc|x86.Build.0 = Release|x86
		{FB73D461-D197-42A2-8928-086333277E54}.AppStore|Any CPU.ActiveCfg = Release|Any CPU
		{FB73D461-D197-42A2-8928-086333277E54}.AppStore|Any CPU.Build.0 = Release|Any CPU
		{FB73D461-D197-42A2-8928-086333277E54}.AppStore|ARM.ActiveCfg = Release|ARM
		{FB73D461-D197-42A2-8928-086333277E54}.AppStore|ARM.Build.0 = Release|ARM
		{FB73D461-D197-42A2-8928-086333277E54}.AppStore|iPhone.ActiveCfg = Release|Any CPU
		{FB73D461-D197-42A2-8928-086333277E54}.AppStore|iPhone.Build.0 = Release|Any CPU
		{FB73D461-D197-42A2-8928-086333277E54}.AppStore|iPhoneSimulator.ActiveCfg = Release|Any CPU
		{FB73D461-D197-42A2-8928-086333277E54}.AppStore|iPhoneSimulator.Build.0 = Release|Any CPU
		{FB73D461-D197-42A2-8928-086333277E54}.AppStore|Mixed Platforms.ActiveCfg = Release|x86
		{FB73D461-D197-42A2-8928-086333277E54}.AppStore|Mixed Platforms.Build.0 = Release|x86
		{FB73D461-D197-42A2-8928-086333277E54}.AppStore|x64.ActiveCfg = Release|Any CPU
		{FB73D461-D197-42A2-8928-086333277E54}.AppStore|x64.Build.0 = Release|Any CPU
		{FB73D461-D197-42A2-8928-086333277E54}.AppStore|x86.ActiveCfg = Release|x86
		{FB73D461-D197-42A2-8928-086333277E54}.AppStore|x86.Build.0 = Release|x86
		{FB73D461-D197-42A2-8928-086333277E54}.Debug|Any CPU.ActiveCfg = Debug|Any CPU
		{FB73D461-D197-42A2-8928-086333277E54}.Debug|Any CPU.Build.0 = Debug|Any CPU
		{FB73D461-D197-42A2-8928-086333277E54}.Debug|ARM.ActiveCfg = Debug|ARM
		{FB73D461-D197-42A2-8928-086333277E54}.Debug|ARM.Build.0 = Debug|ARM
		{FB73D461-D197-42A2-8928-086333277E54}.Debug|iPhone.ActiveCfg = Debug|Any CPU
		{FB73D461-D197-42A2-8928-086333277E54}.Debug|iPhone.Build.0 = Debug|Any CPU
		{FB73D461-D197-42A2-8928-086333277E54}.Debug|iPhoneSimulator.ActiveCfg = Debug|Any CPU
		{FB73D461-D197-42A2-8928-086333277E54}.Debug|iPhoneSimulator.Build.0 = Debug|Any CPU
		{FB73D461-D197-42A2-8928-086333277E54}.Debug|Mixed Platforms.ActiveCfg = Debug|x86
		{FB73D461-D197-42A2-8928-086333277E54}.Debug|Mixed Platforms.Build.0 = Debug|x86
		{FB73D461-D197-42A2-8928-086333277E54}.Debug|x64.ActiveCfg = Debug|Any CPU
		{FB73D461-D197-42A2-8928-086333277E54}.Debug|x64.Build.0 = Debug|Any CPU
		{FB73D461-D197-42A2-8928-086333277E54}.Debug|x86.ActiveCfg = Debug|x86
		{FB73D461-D197-42A2-8928-086333277E54}.Debug|x86.Build.0 = Debug|x86
		{FB73D461-D197-42A2-8928-086333277E54}.Release|Any CPU.ActiveCfg = Release|Any CPU
		{FB73D461-D197-42A2-8928-086333277E54}.Release|Any CPU.Build.0 = Release|Any CPU
		{FB73D461-D197-42A2-8928-086333277E54}.Release|ARM.ActiveCfg = Release|ARM
		{FB73D461-D197-42A2-8928-086333277E54}.Release|ARM.Build.0 = Release|ARM
		{FB73D461-D197-42A2-8928-086333277E54}.Release|iPhone.ActiveCfg = Release|Any CPU
		{FB73D461-D197-42A2-8928-086333277E54}.Release|iPhone.Build.0 = Release|Any CPU
		{FB73D461-D197-42A2-8928-086333277E54}.Release|iPhoneSimulator.ActiveCfg = Release|Any CPU
		{FB73D461-D197-42A2-8928-086333277E54}.Release|iPhoneSimulator.Build.0 = Release|Any CPU
		{FB73D461-D197-42A2-8928-086333277E54}.Release|Mixed Platforms.ActiveCfg = Release|x86
		{FB73D461-D197-42A2-8928-086333277E54}.Release|Mixed Platforms.Build.0 = Release|x86
		{FB73D461-D197-42A2-8928-086333277E54}.Release|x64.ActiveCfg = Release|Any CPU
		{FB73D461-D197-42A2-8928-086333277E54}.Release|x64.Build.0 = Release|Any CPU
		{FB73D461-D197-42A2-8928-086333277E54}.Release|x86.ActiveCfg = Release|x86
		{FB73D461-D197-42A2-8928-086333277E54}.Release|x86.Build.0 = Release|x86
		{060331C3-8DDF-4B52-B238-F548149287B2}.Ad-Hoc|Any CPU.ActiveCfg = Debug|Any CPU
		{060331C3-8DDF-4B52-B238-F548149287B2}.Ad-Hoc|Any CPU.Build.0 = Debug|Any CPU
		{060331C3-8DDF-4B52-B238-F548149287B2}.Ad-Hoc|ARM.ActiveCfg = Debug|Any CPU
		{060331C3-8DDF-4B52-B238-F548149287B2}.Ad-Hoc|ARM.Build.0 = Debug|Any CPU
		{060331C3-8DDF-4B52-B238-F548149287B2}.Ad-Hoc|iPhone.ActiveCfg = Debug|Any CPU
		{060331C3-8DDF-4B52-B238-F548149287B2}.Ad-Hoc|iPhone.Build.0 = Debug|Any CPU
		{060331C3-8DDF-4B52-B238-F548149287B2}.Ad-Hoc|iPhoneSimulator.ActiveCfg = Debug|Any CPU
		{060331C3-8DDF-4B52-B238-F548149287B2}.Ad-Hoc|iPhoneSimulator.Build.0 = Debug|Any CPU
		{060331C3-8DDF-4B52-B238-F548149287B2}.Ad-Hoc|Mixed Platforms.ActiveCfg = Debug|Any CPU
		{060331C3-8DDF-4B52-B238-F548149287B2}.Ad-Hoc|Mixed Platforms.Build.0 = Debug|Any CPU
		{060331C3-8DDF-4B52-B238-F548149287B2}.Ad-Hoc|x64.ActiveCfg = Debug|Any CPU
		{060331C3-8DDF-4B52-B238-F548149287B2}.Ad-Hoc|x64.Build.0 = Debug|Any CPU
		{060331C3-8DDF-4B52-B238-F548149287B2}.Ad-Hoc|x86.ActiveCfg = Debug|Any CPU
		{060331C3-8DDF-4B52-B238-F548149287B2}.Ad-Hoc|x86.Build.0 = Debug|Any CPU
		{060331C3-8DDF-4B52-B238-F548149287B2}.AppStore|Any CPU.ActiveCfg = Debug|Any CPU
		{060331C3-8DDF-4B52-B238-F548149287B2}.AppStore|Any CPU.Build.0 = Debug|Any CPU
		{060331C3-8DDF-4B52-B238-F548149287B2}.AppStore|ARM.ActiveCfg = Debug|Any CPU
		{060331C3-8DDF-4B52-B238-F548149287B2}.AppStore|ARM.Build.0 = Debug|Any CPU
		{060331C3-8DDF-4B52-B238-F548149287B2}.AppStore|iPhone.ActiveCfg = Debug|Any CPU
		{060331C3-8DDF-4B52-B238-F548149287B2}.AppStore|iPhone.Build.0 = Debug|Any CPU
		{060331C3-8DDF-4B52-B238-F548149287B2}.AppStore|iPhoneSimulator.ActiveCfg = Debug|Any CPU
		{060331C3-8DDF-4B52-B238-F548149287B2}.AppStore|iPhoneSimulator.Build.0 = Debug|Any CPU
		{060331C3-8DDF-4B52-B238-F548149287B2}.AppStore|Mixed Platforms.ActiveCfg = Debug|Any CPU
		{060331C3-8DDF-4B52-B238-F548149287B2}.AppStore|Mixed Platforms.Build.0 = Debug|Any CPU
		{060331C3-8DDF-4B52-B238-F548149287B2}.AppStore|x64.ActiveCfg = Debug|Any CPU
		{060331C3-8DDF-4B52-B238-F548149287B2}.AppStore|x64.Build.0 = Debug|Any CPU
		{060331C3-8DDF-4B52-B238-F548149287B2}.AppStore|x86.ActiveCfg = Debug|Any CPU
		{060331C3-8DDF-4B52-B238-F548149287B2}.AppStore|x86.Build.0 = Debug|Any CPU
		{060331C3-8DDF-4B52-B238-F548149287B2}.Debug|Any CPU.ActiveCfg = Debug|Any CPU
		{060331C3-8DDF-4B52-B238-F548149287B2}.Debug|Any CPU.Build.0 = Debug|Any CPU
		{060331C3-8DDF-4B52-B238-F548149287B2}.Debug|ARM.ActiveCfg = Debug|Any CPU
		{060331C3-8DDF-4B52-B238-F548149287B2}.Debug|ARM.Build.0 = Debug|Any CPU
		{060331C3-8DDF-4B52-B238-F548149287B2}.Debug|iPhone.ActiveCfg = Debug|Any CPU
		{060331C3-8DDF-4B52-B238-F548149287B2}.Debug|iPhone.Build.0 = Debug|Any CPU
		{060331C3-8DDF-4B52-B238-F548149287B2}.Debug|iPhoneSimulator.ActiveCfg = Debug|Any CPU
		{060331C3-8DDF-4B52-B238-F548149287B2}.Debug|iPhoneSimulator.Build.0 = Debug|Any CPU
		{060331C3-8DDF-4B52-B238-F548149287B2}.Debug|Mixed Platforms.ActiveCfg = Debug|Any CPU
		{060331C3-8DDF-4B52-B238-F548149287B2}.Debug|Mixed Platforms.Build.0 = Debug|Any CPU
		{060331C3-8DDF-4B52-B238-F548149287B2}.Debug|x64.ActiveCfg = Debug|Any CPU
		{060331C3-8DDF-4B52-B238-F548149287B2}.Debug|x64.Build.0 = Debug|Any CPU
		{060331C3-8DDF-4B52-B238-F548149287B2}.Debug|x86.ActiveCfg = Debug|Any CPU
		{060331C3-8DDF-4B52-B238-F548149287B2}.Debug|x86.Build.0 = Debug|Any CPU
		{060331C3-8DDF-4B52-B238-F548149287B2}.Release|Any CPU.ActiveCfg = Release|Any CPU
		{060331C3-8DDF-4B52-B238-F548149287B2}.Release|Any CPU.Build.0 = Release|Any CPU
		{060331C3-8DDF-4B52-B238-F548149287B2}.Release|ARM.ActiveCfg = Release|Any CPU
		{060331C3-8DDF-4B52-B238-F548149287B2}.Release|ARM.Build.0 = Release|Any CPU
		{060331C3-8DDF-4B52-B238-F548149287B2}.Release|iPhone.ActiveCfg = Release|Any CPU
		{060331C3-8DDF-4B52-B238-F548149287B2}.Release|iPhone.Build.0 = Release|Any CPU
		{060331C3-8DDF-4B52-B238-F548149287B2}.Release|iPhoneSimulator.ActiveCfg = Release|Any CPU
		{060331C3-8DDF-4B52-B238-F548149287B2}.Release|iPhoneSimulator.Build.0 = Release|Any CPU
		{060331C3-8DDF-4B52-B238-F548149287B2}.Release|Mixed Platforms.ActiveCfg = Release|Any CPU
		{060331C3-8DDF-4B52-B238-F548149287B2}.Release|Mixed Platforms.Build.0 = Release|Any CPU
		{060331C3-8DDF-4B52-B238-F548149287B2}.Release|x64.ActiveCfg = Release|Any CPU
		{060331C3-8DDF-4B52-B238-F548149287B2}.Release|x64.Build.0 = Release|Any CPU
		{060331C3-8DDF-4B52-B238-F548149287B2}.Release|x86.ActiveCfg = Release|Any CPU
		{060331C3-8DDF-4B52-B238-F548149287B2}.Release|x86.Build.0 = Release|Any CPU
	EndGlobalSection
	GlobalSection(SolutionProperties) = preSolution
		HideSolutionNode = FALSE
	EndGlobalSection
EndGlobal
